
Microsoft Visual Studio Solution File, Format Version 12.00
# Visual Studio Version 16
VisualStudioVersion = 16.0.30204.135
MinimumVisualStudioVersion = 10.0.40219.1
Project("{F184B08F-C81C-45F6-A57F-5ABD9991F28F}") = "Testovaci Aplikace", "Testovaci Aplikace\Testovaci Aplikace.vbproj", "{20186BF8-1A71-48CC-A7AC-8F51112A8C3C}"
EndProject
Global
	GlobalSection(SolutionConfigurationPlatforms) = preSolution
		Debug|Any CPU = Debug|Any CPU
		Release|Any CPU = Release|Any CPU
	EndGlobalSection
	GlobalSection(ProjectConfigurationPlatforms) = postSolution
		{20186BF8-1A71-48CC-A7AC-8F51112A8C3C}.Debug|Any CPU.ActiveCfg = Debug|Any CPU
		{20186BF8-1A71-48CC-A7AC-8F51112A8C3C}.Debug|Any CPU.Build.0 = Debug|Any CPU
		{20186BF8-1A71-48CC-A7AC-8F51112A8C3C}.Release|Any CPU.ActiveCfg = Release|Any CPU
		{20186BF8-1A71-48CC-A7AC-8F51112A8C3C}.Release|Any CPU.Build.0 = Release|Any CPU
	EndGlobalSection
	GlobalSection(SolutionProperties) = preSolution
		HideSolutionNode = FALSE
	EndGlobalSection
	GlobalSection(ExtensibilityGlobals) = postSolution
		SolutionGuid = {BEB8508C-62EA-4EAE-A0C1-CC69E736D6CB}
	EndGlobalSection
EndGlobal
